{
  "requires": true,
  "lockfileVersion": 1,
  "dependencies": {
    "dom7": {
      "version": "3.0.0-alpha.6",
      "resolved": "https://registry.npmjs.org/dom7/-/dom7-3.0.0-alpha.6.tgz",
      "integrity": "sha512-AEv3eK70Z0tSk+T21qYNjKMAneXtOpPros8VMu6eQIbv1x651eVYxNUSSkQbcwZqEdufCMmwfxhTDi0ck7W8tw==",
      "requires": {
        "ssr-window": "^3.0.0-alpha.1"
      }
    },
    "ssr-window": {
      "version": "3.0.0-alpha.4",
      "resolved": "https://registry.npmjs.org/ssr-window/-/ssr-window-3.0.0-alpha.4.tgz",
      "integrity": "sha512-+dBRP/pZ+VyITxTzD0lMDzDwN/BmfUl8xi2e6t5Nz4+FqUphfcBLB1OOUSYCRNFB25rD3c8AJRYpY5rHTbL+kg=="
    },
    "swiper": {
      "version": "6.0.2",
      "resolved": "https://registry.npmjs.org/swiper/-/swiper-6.0.2.tgz",
      "integrity": "sha512-zHIvTiy5U4nH3L8oP8bN9l2M1TB2sj9MD5id2fjlhBmwytb0A4s/5xeVd/PEYg0ruRLE9fWmA0Cm5k+MrWh6GA==",
      "requires": {
        "dom7": "^3.0.0-alpha.5",
        "ssr-window": "^3.0.0-alpha.4"
      }
    }
  }
}
